
Microsoft Visual Studio Solution File, Format Version 12.00
# Visual Studio 15
VisualStudioVersion = 15.0.28307.1622
MinimumVisualStudioVersion = 10.0.40219.1
Project("{FAE04EC0-301F-11D3-BF4B-00C04F79EFBC}") = "TaskTracking", "TaskTracking\TaskTracking.csproj", "{76C43EE8-74A6-4772-B021-B150F4017D03}"
EndProject
Project("{FAE04EC0-301F-11D3-BF4B-00C04F79EFBC}") = "DataAccessLibrary", "DataAccessLibrary\DataAccessLibrary.csproj", "{09BBAC49-8232-4ABB-A2D7-DB60A58DB609}"
EndProject
Project("{00D1A9C2-B5F0-4AF3-8072-F6C62B433612}") = "TasksDB", "TasksDB\TasksDB.sqlproj", "{5B74B2DA-C7F1-4FA7-A45F-AF6933ABE0F1}"
EndProject
Project("{FAE04EC0-301F-11D3-BF4B-00C04F79EFBC}") = "TaskTracking.Test", "TaskTracking.Test\TaskTracking.Test.csproj", "{007E0981-A770-4326-895B-725807257787}"
EndProject
Global
	GlobalSection(SolutionConfigurationPlatforms) = preSolution
		Debug|Any CPU = Debug|Any CPU
		Release|Any CPU = Release|Any CPU
	EndGlobalSection
	GlobalSection(ProjectConfigurationPlatforms) = postSolution
		{76C43EE8-74A6-4772-B021-B150F4017D03}.Debug|Any CPU.ActiveCfg = Debug|Any CPU
		{76C43EE8-74A6-4772-B021-B150F4017D03}.Debug|Any CPU.Build.0 = Debug|Any CPU
		{76C43EE8-74A6-4772-B021-B150F4017D03}.Release|Any CPU.ActiveCfg = Release|Any CPU
		{76C43EE8-74A6-4772-B021-B150F4017D03}.Release|Any CPU.Build.0 = Release|Any CPU
		{09BBAC49-8232-4ABB-A2D7-DB60A58DB609}.Debug|Any CPU.ActiveCfg = Debug|Any CPU
		{09BBAC49-8232-4ABB-A2D7-DB60A58DB609}.Debug|Any CPU.Build.0 = Debug|Any CPU
		{09BBAC49-8232-4ABB-A2D7-DB60A58DB609}.Release|Any CPU.ActiveCfg = Release|Any CPU
		{09BBAC49-8232-4ABB-A2D7-DB60A58DB609}.Release|Any CPU.Build.0 = Release|Any CPU
		{5B74B2DA-C7F1-4FA7-A45F-AF6933ABE0F1}.Debug|Any CPU.ActiveCfg = Debug|Any CPU
		{5B74B2DA-C7F1-4FA7-A45F-AF6933ABE0F1}.Debug|Any CPU.Build.0 = Debug|Any CPU
		{5B74B2DA-C7F1-4FA7-A45F-AF6933ABE0F1}.Debug|Any CPU.Deploy.0 = Debug|Any CPU
		{5B74B2DA-C7F1-4FA7-A45F-AF6933ABE0F1}.Release|Any CPU.ActiveCfg = Release|Any CPU
		{5B74B2DA-C7F1-4FA7-A45F-AF6933ABE0F1}.Release|Any CPU.Build.0 = Release|Any CPU
		{5B74B2DA-C7F1-4FA7-A45F-AF6933ABE0F1}.Release|Any CPU.Deploy.0 = Release|Any CPU
		{007E0981-A770-4326-895B-725807257787}.Debug|Any CPU.ActiveCfg = Debug|Any CPU
		{007E0981-A770-4326-895B-725807257787}.Debug|Any CPU.Build.0 = Debug|Any CPU
		{007E0981-A770-4326-895B-725807257787}.Release|Any CPU.ActiveCfg = Release|Any CPU
		{007E0981-A770-4326-895B-725807257787}.Release|Any CPU.Build.0 = Release|Any CPU
	EndGlobalSection
	GlobalSection(SolutionProperties) = preSolution
		HideSolutionNode = FALSE
	EndGlobalSection
	GlobalSection(ExtensibilityGlobals) = postSolution
		SolutionGuid = {46871FCC-F0B0-416B-810F-0F7CA5A8CC9B}
	EndGlobalSection
EndGlobal
